
Microsoft Visual Studio Solution File, Format Version 12.00
# Visual Studio 2012
Project("{FAE04EC0-301F-11D3-BF4B-00C04F79EFBC}") = "epic", "epic\epic.csproj", "{3D8503B1-96BB-4208-A32E-A95BCBD1765E}"
EndProject
Project("{FAE04EC0-301F-11D3-BF4B-00C04F79EFBC}") = "epic.ui", "epic.ui\epic.ui.csproj", "{4CE4FC54-CE52-4D2D-94BE-9739B9BF6176}"
EndProject
Project("{FAE04EC0-301F-11D3-BF4B-00C04F79EFBC}") = "playground", "playground\playground.csproj", "{E1D270FF-F12F-4062-869F-A9E944D18992}"
EndProject
Global
	GlobalSection(SolutionConfigurationPlatforms) = preSolution
		Debug|Any CPU = Debug|Any CPU
		Release|Any CPU = Release|Any CPU
	EndGlobalSection
	GlobalSection(ProjectConfigurationPlatforms) = postSolution
		{3D8503B1-96BB-4208-A32E-A95BCBD1765E}.Debug|Any CPU.ActiveCfg = Release|Any CPU
		{3D8503B1-96BB-4208-A32E-A95BCBD1765E}.Debug|Any CPU.Build.0 = Release|Any CPU
		{3D8503B1-96BB-4208-A32E-A95BCBD1765E}.Release|Any CPU.ActiveCfg = Release|Any CPU
		{3D8503B1-96BB-4208-A32E-A95BCBD1765E}.Release|Any CPU.Build.0 = Release|Any CPU
		{4CE4FC54-CE52-4D2D-94BE-9739B9BF6176}.Debug|Any CPU.ActiveCfg = Release|Any CPU
		{4CE4FC54-CE52-4D2D-94BE-9739B9BF6176}.Debug|Any CPU.Build.0 = Release|Any CPU
		{4CE4FC54-CE52-4D2D-94BE-9739B9BF6176}.Release|Any CPU.ActiveCfg = Release|Any CPU
		{4CE4FC54-CE52-4D2D-94BE-9739B9BF6176}.Release|Any CPU.Build.0 = Release|Any CPU
		{E1D270FF-F12F-4062-869F-A9E944D18992}.Debug|Any CPU.ActiveCfg = Debug|Any CPU
		{E1D270FF-F12F-4062-869F-A9E944D18992}.Debug|Any CPU.Build.0 = Debug|Any CPU
		{E1D270FF-F12F-4062-869F-A9E944D18992}.Release|Any CPU.ActiveCfg = Release|Any CPU
		{E1D270FF-F12F-4062-869F-A9E944D18992}.Release|Any CPU.Build.0 = Release|Any CPU
	EndGlobalSection
	GlobalSection(SolutionProperties) = preSolution
		HideSolutionNode = FALSE
	EndGlobalSection
EndGlobal
